// !$*UTF8*$!
{
	archiveVersion = 1;
	classes = {
	};
	objectVersion = 56;
	objects = {

/* Begin PBXBuildFile section */
		3037081A2C04138E00D384E8 /* SearchDevice.swift in Sources */ = {isa = PBXBuildFile; fileRef = 303708192C04138E00D384E8 /* SearchDevice.swift */; };
		303708202C07820D00D384E8 /* ViewDock.swift in Sources */ = {isa = PBXBuildFile; fileRef = 3037081F2C07820D00D384E8 /* ViewDock.swift */; };
		303708242C07831F00D384E8 /* DeviceListView.swift in Sources */ = {isa = PBXBuildFile; fileRef = 303708232C07831F00D384E8 /* DeviceListView.swift */; };
		303708272C07842900D384E8 /* SingleStickView.swift in Sources */ = {isa = PBXBuildFile; fileRef = 303708262C07842900D384E8 /* SingleStickView.swift */; };
		303708292C07855200D384E8 /* YController.swift in Sources */ = {isa = PBXBuildFile; fileRef = 303708282C07855200D384E8 /* YController.swift */; };
		3037082C2C07EACD00D384E8 /* MultiStickView.swift in Sources */ = {isa = PBXBuildFile; fileRef = 3037082B2C07EACD00D384E8 /* MultiStickView.swift */; };
		3037082F2C07EC3F00D384E8 /* OmniUtil.swift in Sources */ = {isa = PBXBuildFile; fileRef = 3037082E2C07EC3F00D384E8 /* OmniUtil.swift */; };
		303708322C07EFB400D384E8 /* ErrorView.swift in Sources */ = {isa = PBXBuildFile; fileRef = 303708312C07EFB400D384E8 /* ErrorView.swift */; };
		303C481F2C7FF86F00E3B714 /* SmallXController.swift in Sources */ = {isa = PBXBuildFile; fileRef = 303C481E2C7FF86F00E3B714 /* SmallXController.swift */; };
		305AFF202B9C18EC0016C64A /* mcu_debugerApp.swift in Sources */ = {isa = PBXBuildFile; fileRef = 305AFF1F2B9C18EC0016C64A /* mcu_debugerApp.swift */; };
		305AFF222B9C18EC0016C64A /* ContentView.swift in Sources */ = {isa = PBXBuildFile; fileRef = 305AFF212B9C18EC0016C64A /* ContentView.swift */; };
		305AFF242B9C18EC0016C64A /* Assets.xcassets in Resources */ = {isa = PBXBuildFile; fileRef = 305AFF232B9C18EC0016C64A /* Assets.xcassets */; };
		305AFF272B9C18EC0016C64A /* Preview Assets.xcassets in Resources */ = {isa = PBXBuildFile; fileRef = 305AFF262B9C18EC0016C64A /* Preview Assets.xcassets */; };
		305AFF352B9C27A10016C64A /* Joystic.swift in Sources */ = {isa = PBXBuildFile; fileRef = 305AFF342B9C27A10016C64A /* Joystic.swift */; };
		30799A2B2C1C04B5005D3A14 /* SC3Icon.png in Resources */ = {isa = PBXBuildFile; fileRef = 30799A2A2C1C04B5005D3A14 /* SC3Icon.png */; };
		307A4FDA2C3812C400712AA6 /* SettingView.swift in Sources */ = {isa = PBXBuildFile; fileRef = 307A4FD92C3812C400712AA6 /* SettingView.swift */; };
		30A71FEE2C1427DE00BEE2DD /* MCUConnectionHandler.swift in Sources */ = {isa = PBXBuildFile; fileRef = 30A71FED2C1427DE00BEE2DD /* MCUConnectionHandler.swift */; };
		30A7200D2C156F9000BEE2DD /* XControllerView.swift in Sources */ = {isa = PBXBuildFile; fileRef = 30A7200C2C156F9000BEE2DD /* XControllerView.swift */; };
		30BB0E782C8401EE0090A415 /* GamePadSerivce.swift in Sources */ = {isa = PBXBuildFile; fileRef = 30BB0E772C8401EE0090A415 /* GamePadSerivce.swift */; };
/* End PBXBuildFile section */

/* Begin PBXFileReference section */
		303708192C04138E00D384E8 /* SearchDevice.swift */ = {isa = PBXFileReference; lastKnownFileType = sourcecode.swift; path = SearchDevice.swift; sourceTree = "<group>"; };
		3037081F2C07820D00D384E8 /* ViewDock.swift */ = {isa = PBXFileReference; lastKnownFileType = sourcecode.swift; path = ViewDock.swift; sourceTree = "<group>"; };
		303708232C07831F00D384E8 /* DeviceListView.swift */ = {isa = PBXFileReference; lastKnownFileType = sourcecode.swift; path = DeviceListView.swift; sourceTree = "<group>"; };
		303708262C07842900D384E8 /* SingleStickView.swift */ = {isa = PBXFileReference; lastKnownFileType = sourcecode.swift; path = SingleStickView.swift; sourceTree = "<group>"; };
		303708282C07855200D384E8 /* YController.swift */ = {isa = PBXFileReference; lastKnownFileType = sourcecode.swift; path = YController.swift; sourceTree = "<group>"; };
		3037082B2C07EACD00D384E8 /* MultiStickView.swift */ = {isa = PBXFileReference; lastKnownFileType = sourcecode.swift; path = MultiStickView.swift; sourceTree = "<group>"; };
		3037082E2C07EC3F00D384E8 /* OmniUtil.swift */ = {isa = PBXFileReference; lastKnownFileType = sourcecode.swift; path = OmniUtil.swift; sourceTree = "<group>"; };
		303708312C07EFB400D384E8 /* ErrorView.swift */ = {isa = PBXFileReference; lastKnownFileType = sourcecode.swift; path = ErrorView.swift; sourceTree = "<group>"; };
		303C481E2C7FF86F00E3B714 /* SmallXController.swift */ = {isa = PBXFileReference; lastKnownFileType = sourcecode.swift; path = SmallXController.swift; sourceTree = "<group>"; };
		305AFF1C2B9C18EC0016C64A /* mcu_debuger.app */ = {isa = PBXFileReference; explicitFileType = wrapper.application; includeInIndex = 0; path = mcu_debuger.app; sourceTree = BUILT_PRODUCTS_DIR; };
		305AFF1F2B9C18EC0016C64A /* mcu_debugerApp.swift */ = {isa = PBXFileReference; lastKnownFileType = sourcecode.swift; path = mcu_debugerApp.swift; sourceTree = "<group>"; };
		305AFF212B9C18EC0016C64A /* ContentView.swift */ = {isa = PBXFileReference; lastKnownFileType = sourcecode.swift; path = ContentView.swift; sourceTree = "<group>"; };
		305AFF232B9C18EC0016C64A /* Assets.xcassets */ = {isa = PBXFileReference; lastKnownFileType = folder.assetcatalog; path = Assets.xcassets; sourceTree = "<group>"; };
		305AFF262B9C18EC0016C64A /* Preview Assets.xcassets */ = {isa = PBXFileReference; lastKnownFileType = folder.assetcatalog; path = "Preview Assets.xcassets"; sourceTree = "<group>"; };
		305AFF342B9C27A10016C64A /* Joystic.swift */ = {isa = PBXFileReference; lastKnownFileType = sourcecode.swift; path = Joystic.swift; sourceTree = "<group>"; };
		305AFF372B9C93310016C64A /* mcu_debuger.entitlements */ = {isa = PBXFileReference; lastKnownFileType = text.plist.entitlements; path = mcu_debuger.entitlements; sourceTree = "<group>"; };
		30799A2A2C1C04B5005D3A14 /* SC3Icon.png */ = {isa = PBXFileReference; lastKnownFileType = image.png; path = SC3Icon.png; sourceTree = "<group>"; };
		307A4FD92C3812C400712AA6 /* SettingView.swift */ = {isa = PBXFileReference; lastKnownFileType = sourcecode.swift; path = SettingView.swift; sourceTree = "<group>"; };
		30A71FED2C1427DE00BEE2DD /* MCUConnectionHandler.swift */ = {isa = PBXFileReference; lastKnownFileType = sourcecode.swift; path = MCUConnectionHandler.swift; sourceTree = "<group>"; };
		30A7200C2C156F9000BEE2DD /* XControllerView.swift */ = {isa = PBXFileReference; lastKnownFileType = sourcecode.swift; path = XControllerView.swift; sourceTree = "<group>"; };
		30BB0E772C8401EE0090A415 /* GamePadSerivce.swift */ = {isa = PBXFileReference; lastKnownFileType = sourcecode.swift; path = GamePadSerivce.swift; sourceTree = "<group>"; };
/* End PBXFileReference section */

/* Begin PBXFrameworksBuildPhase section */
		305AFF192B9C18EC0016C64A /* Frameworks */ = {
			isa = PBXFrameworksBuildPhase;
			buildActionMask = 2147483647;
			files = (
			);
			runOnlyForDeploymentPostprocessing = 0;
		};
/* End PBXFrameworksBuildPhase section */

/* Begin PBXGroup section */
		303708252C07836F00D384E8 /* DeviceList */ = {
			isa = PBXGroup;
			children = (
				303708232C07831F00D384E8 /* DeviceListView.swift */,
				303708192C04138E00D384E8 /* SearchDevice.swift */,
			);
			name = DeviceList;
			sourceTree = "<group>";
		};
		3037082A2C0785DF00D384E8 /* SingleController */ = {
			isa = PBXGroup;
			children = (
				303708262C07842900D384E8 /* SingleStickView.swift */,
				303708282C07855200D384E8 /* YController.swift */,
			);
			name = SingleController;
			sourceTree = "<group>";
		};
		3037082D2C07EC2900D384E8 /* MultiController */ = {
			isa = PBXGroup;
			children = (
				305AFF342B9C27A10016C64A /* Joystic.swift */,
				3037082B2C07EACD00D384E8 /* MultiStickView.swift */,
				30A7200C2C156F9000BEE2DD /* XControllerView.swift */,
				303C481E2C7FF86F00E3B714 /* SmallXController.swift */,
				30BB0E772C8401EE0090A415 /* GamePadSerivce.swift */,
			);
			path = MultiController;
			sourceTree = "<group>";
		};
		303708302C07EF5D00D384E8 /* Util */ = {
			isa = PBXGroup;
			children = (
				3037082E2C07EC3F00D384E8 /* OmniUtil.swift */,
				303708312C07EFB400D384E8 /* ErrorView.swift */,
			);
			name = Util;
			sourceTree = "<group>";
		};
		305AFF132B9C18EC0016C64A = {
			isa = PBXGroup;
			children = (
				305AFF1E2B9C18EC0016C64A /* mcu_debuger */,
				305AFF1D2B9C18EC0016C64A /* Products */,
			);
			sourceTree = "<group>";
		};
		305AFF1D2B9C18EC0016C64A /* Products */ = {
			isa = PBXGroup;
			children = (
				305AFF1C2B9C18EC0016C64A /* mcu_debuger.app */,
			);
			name = Products;
			sourceTree = "<group>";
		};
		305AFF1E2B9C18EC0016C64A /* mcu_debuger */ = {
			isa = PBXGroup;
			children = (
				305AFF372B9C93310016C64A /* mcu_debuger.entitlements */,
				305AFF232B9C18EC0016C64A /* Assets.xcassets */,
				305AFF1F2B9C18EC0016C64A /* mcu_debugerApp.swift */,
				305AFF212B9C18EC0016C64A /* ContentView.swift */,
				3037081F2C07820D00D384E8 /* ViewDock.swift */,
				30A71FFC2C15646400BEE2DD /* icons */,
				30A71FEA2C14275600BEE2DD /* Connection */,
				3037082D2C07EC2900D384E8 /* MultiController */,
				3037082A2C0785DF00D384E8 /* SingleController */,
				303708252C07836F00D384E8 /* DeviceList */,
				303708302C07EF5D00D384E8 /* Util */,
				305AFF252B9C18EC0016C64A /* Preview Content */,
				307A4FD82C3812AB00712AA6 /* Setting */,
			);
			path = mcu_debuger;
			sourceTree = "<group>";
		};
		305AFF252B9C18EC0016C64A /* Preview Content */ = {
			isa = PBXGroup;
			children = (
				305AFF262B9C18EC0016C64A /* Preview Assets.xcassets */,
			);
			path = "Preview Content";
			sourceTree = "<group>";
		};
		307A4FD82C3812AB00712AA6 /* Setting */ = {
			isa = PBXGroup;
			children = (
				307A4FD92C3812C400712AA6 /* SettingView.swift */,
			);
			path = Setting;
			sourceTree = "<group>";
		};
		30A71FEA2C14275600BEE2DD /* Connection */ = {
			isa = PBXGroup;
			children = (
				30A71FED2C1427DE00BEE2DD /* MCUConnectionHandler.swift */,
			);
			path = Connection;
			sourceTree = "<group>";
		};
		30A71FFC2C15646400BEE2DD /* icons */ = {
			isa = PBXGroup;
			children = (
				30799A2A2C1C04B5005D3A14 /* SC3Icon.png */,
			);
			name = icons;
			path = mcu_debuger/icons;
			sourceTree = SOURCE_ROOT;
		};
/* End PBXGroup section */

/* Begin PBXNativeTarget section */
		305AFF1B2B9C18EC0016C64A /* mcu_debuger */ = {
			isa = PBXNativeTarget;
			buildConfigurationList = 305AFF2A2B9C18EC0016C64A /* Build configuration list for PBXNativeTarget "mcu_debuger" */;
			buildPhases = (
				305AFF182B9C18EC0016C64A /* Sources */,
				305AFF192B9C18EC0016C64A /* Frameworks */,
				305AFF1A2B9C18EC0016C64A /* Resources */,
			);
			buildRules = (
			);
			dependencies = (
			);
			name = mcu_debuger;
			packageProductDependencies = (
			);
			productName = mcu_debuger;
			productReference = 305AFF1C2B9C18EC0016C64A /* mcu_debuger.app */;
			productType = "com.apple.product-type.application";
		};
/* End PBXNativeTarget section */

/* Begin PBXProject section */
		305AFF142B9C18EC0016C64A /* Project object */ = {
			isa = PBXProject;
			attributes = {
				BuildIndependentTargetsInParallel = 1;
				LastSwiftUpdateCheck = 1530;
				LastUpgradeCheck = 1530;
				TargetAttributes = {
					305AFF1B2B9C18EC0016C64A = {
						CreatedOnToolsVersion = 15.3;
					};
				};
			};
			buildConfigurationList = 305AFF172B9C18EC0016C64A /* Build configuration list for PBXProject "mcu_debuger" */;
			compatibilityVersion = "Xcode 14.0";
			developmentRegion = en;
			hasScannedForEncodings = 0;
			knownRegions = (
				en,
				Base,
			);
			mainGroup = 305AFF132B9C18EC0016C64A;
			packageReferences = (
			);
			productRefGroup = 305AFF1D2B9C18EC0016C64A /* Products */;
			projectDirPath = "";
			projectRoot = "";
			targets = (
				305AFF1B2B9C18EC0016C64A /* mcu_debuger */,
			);
		};
/* End PBXProject section */

/* Begin PBXResourcesBuildPhase section */
		305AFF1A2B9C18EC0016C64A /* Resources */ = {
			isa = PBXResourcesBuildPhase;
			buildActionMask = 2147483647;
			files = (
				30799A2B2C1C04B5005D3A14 /* SC3Icon.png in Resources */,
				305AFF272B9C18EC0016C64A /* Preview Assets.xcassets in Resources */,
				305AFF242B9C18EC0016C64A /* Assets.xcassets in Resources */,
			);
			runOnlyForDeploymentPostprocessing = 0;
		};
/* End PBXResourcesBuildPhase section */

/* Begin PBXSourcesBuildPhase section */
		305AFF182B9C18EC0016C64A /* Sources */ = {
			isa = PBXSourcesBuildPhase;
			buildActionMask = 2147483647;
			files = (
				303708292C07855200D384E8 /* YController.swift in Sources */,
				3037082C2C07EACD00D384E8 /* MultiStickView.swift in Sources */,
				30A71FEE2C1427DE00BEE2DD /* MCUConnectionHandler.swift in Sources */,
				307A4FDA2C3812C400712AA6 /* SettingView.swift in Sources */,
				305AFF222B9C18EC0016C64A /* ContentView.swift in Sources */,
				303708242C07831F00D384E8 /* DeviceListView.swift in Sources */,
				30A7200D2C156F9000BEE2DD /* XControllerView.swift in Sources */,
				303708272C07842900D384E8 /* SingleStickView.swift in Sources */,
				3037082F2C07EC3F00D384E8 /* OmniUtil.swift in Sources */,
				303708322C07EFB400D384E8 /* ErrorView.swift in Sources */,
				305AFF202B9C18EC0016C64A /* mcu_debugerApp.swift in Sources */,
				303C481F2C7FF86F00E3B714 /* SmallXController.swift in Sources */,
				3037081A2C04138E00D384E8 /* SearchDevice.swift in Sources */,
				303708202C07820D00D384E8 /* ViewDock.swift in Sources */,
				305AFF352B9C27A10016C64A /* Joystic.swift in Sources */,
				30BB0E782C8401EE0090A415 /* GamePadSerivce.swift in Sources */,
			);
			runOnlyForDeploymentPostprocessing = 0;
		};
/* End PBXSourcesBuildPhase section */

/* Begin XCBuildConfiguration section */
		305AFF282B9C18EC0016C64A /* Debug */ = {
			isa = XCBuildConfiguration;
			buildSettings = {
				ALWAYS_SEARCH_USER_PATHS = NO;
				ASSETCATALOG_COMPILER_GENERATE_SWIFT_ASSET_SYMBOL_EXTENSIONS = YES;
				CLANG_ANALYZER_NONNULL = YES;
				CLANG_ANALYZER_NUMBER_OBJECT_CONVERSION = YES_AGGRESSIVE;
				CLANG_CXX_LANGUAGE_STANDARD = "gnu++20";
				CLANG_ENABLE_MODULES = YES;
				CLANG_ENABLE_OBJC_ARC = YES;
				CLANG_ENABLE_OBJC_WEAK = YES;
				CLANG_WARN_BLOCK_CAPTURE_AUTORELEASING = YES;
				CLANG_WARN_BOOL_CONVERSION = YES;
				CLANG_WARN_COMMA = YES;
				CLANG_WARN_CONSTANT_CONVERSION = YES;
				CLANG_WARN_DEPRECATED_OBJC_IMPLEMENTATIONS = YES;
				CLANG_WARN_DIRECT_OBJC_ISA_USAGE = YES_ERROR;
				CLANG_WARN_DOCUMENTATION_COMMENTS = YES;
				CLANG_WARN_EMPTY_BODY = YES;
				CLANG_WARN_ENUM_CONVERSION = YES;
				CLANG_WARN_INFINITE_RECURSION = YES;
				CLANG_WARN_INT_CONVERSION = YES;
				CLANG_WARN_NON_LITERAL_NULL_CONVERSION = YES;
				CLANG_WARN_OBJC_IMPLICIT_RETAIN_SELF = YES;
				CLANG_WARN_OBJC_LITERAL_CONVERSION = YES;
				CLANG_WARN_OBJC_ROOT_CLASS = YES_ERROR;
				CLANG_WARN_QUOTED_INCLUDE_IN_FRAMEWORK_HEADER = YES;
				CLANG_WARN_RANGE_LOOP_ANALYSIS = YES;
				CLANG_WARN_STRICT_PROTOTYPES = YES;
				CLANG_WARN_SUSPICIOUS_MOVE = YES;
				CLANG_WARN_UNGUARDED_AVAILABILITY = YES_AGGRESSIVE;
				CLANG_WARN_UNREACHABLE_CODE = YES;
				CLANG_WARN__DUPLICATE_METHOD_MATCH = YES;
				COPY_PHASE_STRIP = NO;
				DEBUG_INFORMATION_FORMAT = dwarf;
				ENABLE_STRICT_OBJC_MSGSEND = YES;
				ENABLE_TESTABILITY = YES;
				ENABLE_USER_SCRIPT_SANDBOXING = YES;
				GCC_C_LANGUAGE_STANDARD = gnu17;
				GCC_DYNAMIC_NO_PIC = NO;
				GCC_NO_COMMON_BLOCKS = YES;
				GCC_OPTIMIZATION_LEVEL = 0;
				GCC_PREPROCESSOR_DEFINITIONS = (
					"DEBUG=1",
					"$(inherited)",
				);
				GCC_WARN_64_TO_32_BIT_CONVERSION = YES;
				GCC_WARN_ABOUT_RETURN_TYPE = YES_ERROR;
				GCC_WARN_UNDECLARED_SELECTOR = YES;
				GCC_WARN_UNINITIALIZED_AUTOS = YES_AGGRESSIVE;
				GCC_WARN_UNUSED_FUNCTION = YES;
				GCC_WARN_UNUSED_VARIABLE = YES;
				IPHONEOS_DEPLOYMENT_TARGET = 17.4;
				LOCALIZATION_PREFERS_STRING_CATALOGS = YES;
				MTL_ENABLE_DEBUG_INFO = INCLUDE_SOURCE;
				MTL_FAST_MATH = YES;
				ONLY_ACTIVE_ARCH = YES;
				SDKROOT = iphoneos;
				SWIFT_ACTIVE_COMPILATION_CONDITIONS = "DEBUG $(inherited)";
				SWIFT_OPTIMIZATION_LEVEL = "-Onone";
			};
			name = Debug;
		};
		305AFF292B9C18EC0016C64A /* Release */ = {
			isa = XCBuildConfiguration;
			buildSettings = {
				ALWAYS_SEARCH_USER_PATHS = NO;
				ASSETCATALOG_COMPILER_GENERATE_SWIFT_ASSET_SYMBOL_EXTENSIONS = YES;
				CLANG_ANALYZER_NONNULL = YES;
				CLANG_ANALYZER_NUMBER_OBJECT_CONVERSION = YES_AGGRESSIVE;
				CLANG_CXX_LANGUAGE_STANDARD = "gnu++20";
				CLANG_ENABLE_MODULES = YES;
				CLANG_ENABLE_OBJC_ARC = YES;
				CLANG_ENABLE_OBJC_WEAK = YES;
				CLANG_WARN_BLOCK_CAPTURE_AUTORELEASING = YES;
				CLANG_WARN_BOOL_CONVERSION = YES;
				CLANG_WARN_COMMA = YES;
				CLANG_WARN_CONSTANT_CONVERSION = YES;
				CLANG_WARN_DEPRECATED_OBJC_IMPLEMENTATIONS = YES;
				CLANG_WARN_DIRECT_OBJC_ISA_USAGE = YES_ERROR;
				CLANG_WARN_DOCUMENTATION_COMMENTS = YES;
				CLANG_WARN_EMPTY_BODY = YES;
				CLANG_WARN_ENUM_CONVERSION = YES;
				CLANG_WARN_INFINITE_RECURSION = YES;
				CLANG_WARN_INT_CONVERSION = YES;
				CLANG_WARN_NON_LITERAL_NULL_CONVERSION = YES;
				CLANG_WARN_OBJC_IMPLICIT_RETAIN_SELF = YES;
				CLANG_WARN_OBJC_LITERAL_CONVERSION = YES;
				CLANG_WARN_OBJC_ROOT_CLASS = YES_ERROR;
				CLANG_WARN_QUOTED_INCLUDE_IN_FRAMEWORK_HEADER = YES;
				CLANG_WARN_RANGE_LOOP_ANALYSIS = YES;
				CLANG_WARN_STRICT_PROTOTYPES = YES;
				CLANG_WARN_SUSPICIOUS_MOVE = YES;
				CLANG_WARN_UNGUARDED_AVAILABILITY = YES_AGGRESSIVE;
				CLANG_WARN_UNREACHABLE_CODE = YES;
				CLANG_WARN__DUPLICATE_METHOD_MATCH = YES;
				COPY_PHASE_STRIP = NO;
				DEBUG_INFORMATION_FORMAT = "dwarf-with-dsym";
				ENABLE_NS_ASSERTIONS = NO;
				ENABLE_STRICT_OBJC_MSGSEND = YES;
				ENABLE_USER_SCRIPT_SANDBOXING = YES;
				GCC_C_LANGUAGE_STANDARD = gnu17;
				GCC_NO_COMMON_BLOCKS = YES;
				GCC_WARN_64_TO_32_BIT_CONVERSION = YES;
				GCC_WARN_ABOUT_RETURN_TYPE = YES_ERROR;
				GCC_WARN_UNDECLARED_SELECTOR = YES;
				GCC_WARN_UNINITIALIZED_AUTOS = YES_AGGRESSIVE;
				GCC_WARN_UNUSED_FUNCTION = YES;
				GCC_WARN_UNUSED_VARIABLE = YES;
				IPHONEOS_DEPLOYMENT_TARGET = 17.4;
				LOCALIZATION_PREFERS_STRING_CATALOGS = YES;
				MTL_ENABLE_DEBUG_INFO = NO;
				MTL_FAST_MATH = YES;
				SDKROOT = iphoneos;
				SWIFT_COMPILATION_MODE = wholemodule;
				VALIDATE_PRODUCT = YES;
			};
			name = Release;
		};
		305AFF2B2B9C18EC0016C64A /* Debug */ = {
			isa = XCBuildConfiguration;
			buildSettings = {
				ASSETCATALOG_COMPILER_APPICON_NAME = AppIcon;
				ASSETCATALOG_COMPILER_GLOBAL_ACCENT_COLOR_NAME = AccentColor;
				CODE_SIGN_ENTITLEMENTS = mcu_debuger/mcu_debuger.entitlements;
				CODE_SIGN_IDENTITY = "Apple Development";
				CODE_SIGN_STYLE = Automatic;
				CURRENT_PROJECT_VERSION = 0.4.3;
				DEVELOPMENT_ASSET_PATHS = "\"mcu_debuger/Preview Content\"";
				DEVELOPMENT_TEAM = V9J6H8S566;
				ENABLE_PREVIEWS = YES;
				GENERATE_INFOPLIST_FILE = YES;
				INFOPLIST_KEY_UIApplicationSceneManifest_Generation = YES;
				INFOPLIST_KEY_UIApplicationSupportsIndirectInputEvents = YES;
				INFOPLIST_KEY_UILaunchScreen_Generation = YES;
				INFOPLIST_KEY_UISupportedInterfaceOrientations = UIInterfaceOrientationLandscapeLeft;
				INFOPLIST_KEY_UISupportedInterfaceOrientations_iPad = "UIInterfaceOrientationLandscapeLeft UIInterfaceOrientationLandscapeRight UIInterfaceOrientationPortrait UIInterfaceOrientationPortraitUpsideDown";
				IPHONEOS_DEPLOYMENT_TARGET = 17.0;
				LD_RUNPATH_SEARCH_PATHS = (
					"$(inherited)",
					"@executable_path/Frameworks",
				);
				MARKETING_VERSION = 0.4;
				PRODUCT_BUNDLE_IDENTIFIER = "com.taiga.mcu-debuger";
				PRODUCT_NAME = "$(TARGET_NAME)";
				PROVISIONING_PROFILE_SPECIFIER = "";
				SWIFT_EMIT_LOC_STRINGS = YES;
				SWIFT_VERSION = 5.0;
				TARGETED_DEVICE_FAMILY = "1,2";
			};
			name = Debug;
		};
		305AFF2C2B9C18EC0016C64A /* Release */ = {
			isa = XCBuildConfiguration;
			buildSettings = {
				ASSETCATALOG_COMPILER_APPICON_NAME = AppIcon;
				ASSETCATALOG_COMPILER_GLOBAL_ACCENT_COLOR_NAME = AccentColor;
				CODE_SIGN_ENTITLEMENTS = mcu_debuger/mcu_debuger.entitlements;
				CODE_SIGN_IDENTITY = "Apple Development";
				CODE_SIGN_STYLE = Automatic;
				CURRENT_PROJECT_VERSION = 0.4.3;
				DEVELOPMENT_ASSET_PATHS = "\"mcu_debuger/Preview Content\"";
				DEVELOPMENT_TEAM = V9J6H8S566;
				ENABLE_PREVIEWS = YES;
				GENERATE_INFOPLIST_FILE = YES;
				INFOPLIST_KEY_UIApplicationSceneManifest_Generation = YES;
				INFOPLIST_KEY_UIApplicationSupportsIndirectInputEvents = YES;
				INFOPLIST_KEY_UILaunchScreen_Generation = YES;
				INFOPLIST_KEY_UISupportedInterfaceOrientations = UIInterfaceOrientationLandscapeLeft;
				INFOPLIST_KEY_UISupportedInterfaceOrientations_iPad = "UIInterfaceOrientationLandscapeLeft UIInterfaceOrientationLandscapeRight UIInterfaceOrientationPortrait UIInterfaceOrientationPortraitUpsideDown";
				IPHONEOS_DEPLOYMENT_TARGET = 17.0;
				LD_RUNPATH_SEARCH_PATHS = (
					"$(inherited)",
					"@executable_path/Frameworks",
				);
				MARKETING_VERSION = 0.4;
				PRODUCT_BUNDLE_IDENTIFIER = "com.taiga.mcu-debuger";
				PRODUCT_NAME = "$(TARGET_NAME)";
				PROVISIONING_PROFILE_SPECIFIER = "";
				SWIFT_EMIT_LOC_STRINGS = YES;
				SWIFT_VERSION = 5.0;
				TARGETED_DEVICE_FAMILY = "1,2";
			};
			name = Release;
		};
/* End XCBuildConfiguration section */

/* Begin XCConfigurationList section */
		305AFF172B9C18EC0016C64A /* Build configuration list for PBXProject "mcu_debuger" */ = {
			isa = XCConfigurationList;
			buildConfigurations = (
				305AFF282B9C18EC0016C64A /* Debug */,
				305AFF292B9C18EC0016C64A /* Release */,
			);
			defaultConfigurationIsVisible = 0;
			defaultConfigurationName = Release;
		};
		305AFF2A2B9C18EC0016C64A /* Build configuration list for PBXNativeTarget "mcu_debuger" */ = {
			isa = XCConfigurationList;
			buildConfigurations = (
				305AFF2B2B9C18EC0016C64A /* Debug */,
				305AFF2C2B9C18EC0016C64A /* Release */,
			);
			defaultConfigurationIsVisible = 0;
			defaultConfigurationName = Release;
		};
/* End XCConfigurationList section */
	};
	rootObject = 305AFF142B9C18EC0016C64A /* Project object */;
}
